# THIS IS AN AUTOGENERATED FILE. DO NOT EDIT THIS FILE DIRECTLY.
# yarn lockfile v1


"@better-scroll/core@^2.4.2":
  version "2.4.2"
  resolved "https://registry.yarnpkg.com/@better-scroll/core/-/core-2.4.2.tgz#e69470012d79923a18034c3e4931720fbb06eae5"
  integrity sha512-IqVZLnh04YpaEAy9wJDxtFK/stxVQjB9A9Wcr3Uwkj7Av1TtFpin+t/TObl53diNDG5ZJ+vck/OAthphpuugLA==
  dependencies:
    "@better-scroll/shared-utils" "^2.4.2"

"@better-scroll/shared-utils@^2.4.2":
  version "2.4.2"
  resolved "https://registry.yarnpkg.com/@better-scroll/shared-utils/-/shared-utils-2.4.2.tgz#1ac5c97495727093a22a8009560795dd5e3c18da"
  integrity sha512-Gy/Jfbpu+hq0u+PcjkTqyXGqAf+0dexTzEZ5IDXEVwJVLmd3cx8A73oTcAZ8QZgk4wSHvlMjXecSaptkhnNPEw==

"@popperjs/core@^2.9.2":
  version "2.11.5"
  resolved "https://registry.yarnpkg.com/@popperjs/core/-/core-2.11.5.tgz#db5a11bf66bdab39569719555b0f76e138d7bd64"
  integrity sha512-9X2obfABZuDVLCgPK9aX0a/x4jaOEweTTWE2+9sr0Qqqevj2Uv5XorvusThmc9XGYpS9yI+fhh8RTafBtGposw==

"@el/icons@^1.8.0":
  version "1.8.0"
  resolved "https://registry.yarnpkg.com/@el/icons/-/icons-1.8.0.tgz#36b13f2e628b533f6523a93a168cf02f07056674"
  integrity sha512-sKfEUo2/CkQFuERxvkuF6mGQZDKu3IQdj5rV9Fm0weJXtchDSSQ+zt8qPCNUEhh9Y8shy5PzxbvAfOOkCwlCXg==

"@el/popperjs@^1.2.1":
  version "1.2.1"
  resolved "https://registry.yarnpkg.com/@el/popperjs/-/popperjs-1.2.1.tgz#1300c7c98573df577c21d3000712435edb8a877e"
  integrity sha512-qzQlrPE4aOsBzfrktDVwzQy/QICCTKifmjrruhY58+Q2fobUYp/T9QINluIafzsD3VJwgP8+HFVLBsyDmy3VZQ==
  dependencies:
    "@popperjs/core" "^2.9.2"

"@el/use@^1.4.1":
  version "1.4.1"
  resolved "https://registry.yarnpkg.com/@el/use/-/use-1.4.1.tgz#22cdd81c6e2cf8dc746278608a3facbd4fdbcdc7"
  integrity sha512-YonNN0SuJLEJuqdoMcVAJm2JUZWkHNrW81QzeF6FLyG5HFUGlmTM5Sby7gdS3Z/8UDMlkWRQpJxBWbmVzmUWxQ==

"@vue/devtools-api@^6.0.0-beta.11":
  version "6.1.4"
  resolved "https://registry.yarnpkg.com/@vue/devtools-api/-/devtools-api-6.1.4.tgz#b4aec2f4b4599e11ba774a50c67fa378c9824e53"
  integrity sha512-IiA0SvDrJEgXvVxjNkHPFfDx6SXw0b/TUkqMcDZWNg9fnCAHbTpoo59YfJ9QLFkwa3raau5vSlRVzMSLDnfdtQ==

argparse@^1.0.7:
  version "1.0.10"
  resolved "https://registry.yarnpkg.com/argparse/-/argparse-1.0.10.tgz#bcd6791ea5ae09725e17e5ad988134cd40b3d911"
  integrity sha512-o5Roy6tNG4SL/FOkCAN6RzjiakZS25RLYFrcMttJqbdd8BWrnA+fGz57iN5Pb06pvBGvl5gQ0B48dJlslXvoTg==
  dependencies:
    sprintf-js "~1.0.2"

async-validator@~1.8.1:
  version "1.8.5"
  resolved "https://registry.yarnpkg.com/async-validator/-/async-validator-1.8.5.tgz#dc3e08ec1fd0dddb67e60842f02c0cd1cec6d7f0"
  integrity sha512-tXBM+1m056MAX0E8TL2iCjg8WvSyXu0Zc8LNtYqrVeyoL3+esHRZ4SieE9fKQyyU09uONjnMEjrNBMqT0mbvmA==
  dependencies:
    babel-runtime "6.x"

asynckit@^0.4.0:
  version "0.4.0"
  resolved "https://registry.yarnpkg.com/asynckit/-/asynckit-0.4.0.tgz#c79ed97f7f34cb8f2ba1bc9790bcc366474b4b79"
  integrity sha512-Oei9OH4tRh0YqU3GxhX79dM/mwVgvbZJaSNaRk+bshkj0S5cfHcgYakreBjrHwatXKbz+IoIdYLxrKim2MjW0Q==

axios@^0.27.2:
  version "0.27.2"
  resolved "https://registry.yarnpkg.com/axios/-/axios-0.27.2.tgz#207658cc8621606e586c85db4b41a750e756d972"
  integrity sha512-t+yRIyySRTp/wua5xEr+z1q60QmLq8ABsS5O9Me1AsE5dfKqgnCFzwiCZZ/cGNd1lq4/7akDWMxdhVlucjmnOQ==
  dependencies:
    follow-redirects "^1.14.9"
    form-data "^4.0.0"

babel-helper-vue-jsx-merge-props@^2.0.0:
  version "2.0.3"
  resolved "https://registry.yarnpkg.com/babel-helper-vue-jsx-merge-props/-/babel-helper-vue-jsx-merge-props-2.0.3.tgz#22aebd3b33902328e513293a8e4992b384f9f1b6"
  integrity sha512-gsLiKK7Qrb7zYJNgiXKpXblxbV5ffSwR0f5whkPAaBAR4fhi6bwRZxX9wBlIc5M/v8CCkXUbXZL4N/nSE97cqg==

babel-runtime@6.x:
  version "6.26.0"
  resolved "https://registry.yarnpkg.com/babel-runtime/-/babel-runtime-6.26.0.tgz#965c7058668e82b55d7bfe04ff2337bc8b5647fe"
  integrity sha512-ITKNuq2wKlW1fJg9sSW52eepoYgZBggvOAHC0u/CYu/qxQ9EVzThCgR69BnSXLHjy2f7SY5zaQ4yt7H9ZVxY2g==
  dependencies:
    core-js "^2.4.0"
    regenerator-runtime "^0.11.0"

bmaplib.curveline@^1.0.0:
  version "1.0.0"
  resolved "https://registry.yarnpkg.com/bmaplib.curveline/-/bmaplib.curveline-1.0.0.tgz#826eb0bf1c59fad1b23142be66fc360cf009aea2"
  integrity sha512-9wcFMVhiYxNPqpvsLDAADn3qDhNzXp2mA6VyHSHg2XOAgSooC7ZiujdFhy0sp+0QYjTfJ/MjmLuNoUg2HHxH4Q==

bmaplib.heatmap@^1.0.4:
  version "1.0.4"
  resolved "https://registry.yarnpkg.com/bmaplib.heatmap/-/bmaplib.heatmap-1.0.4.tgz#30161262771fe78af35705ff92457725de5d9850"
  integrity sha512-rmhqUARBpUSJ9jXzUI2j7dIOqnc38bqubkx/8a349U2qtw/ulLUwyzRD535OrA8G7w5cz4aPKm6/rNvUAarg/Q==

bmaplib.lushu@^1.0.7:
  version "1.0.7"
  resolved "https://registry.yarnpkg.com/bmaplib.lushu/-/bmaplib.lushu-1.0.7.tgz#77c17dcf7148d30c46e8430c7ff86b20e418b8b8"
  integrity sha512-LVvgpESPii6xGxyjnQjq8u+ic4NjvhdCPV/RiSS/PGTUdZKeTDS7prSpleJLZH3ES0+oc0gYn8bw0LtPYUSz2w==

bmaplib.markerclusterer@^1.0.13:
  version "1.0.13"
  resolved "https://registry.yarnpkg.com/bmaplib.markerclusterer/-/bmaplib.markerclusterer-1.0.13.tgz#442d71a6c40844ee47d01f6db2166b54530b5bd1"
  integrity sha512-VrLyWSiuDEVNi0yUfwOhFQ6z1oEEHS4w36GNu3iASu6p52QIx9uAXMUkuSCHReNR0bj2Cp9SA1dSx5RpojXajQ==
  dependencies:
    bmaplib.texticonoverlay "^1.0.2"

bmaplib.texticonoverlay@^1.0.2:
  version "1.0.2"
  resolved "https://registry.yarnpkg.com/bmaplib.texticonoverlay/-/bmaplib.texticonoverlay-1.0.2.tgz#d78546ea0f036d9fe964983796315b6c112a05bf"
  integrity sha512-4ZTWr4ZP3B6qEWput5Tut16CfZgII38YwM3bpyb4gFTQyORlKYryFp9WHWrwZZaHlOyYDAXG9SX0hka43jTADg==

combined-stream@^1.0.8:
  version "1.0.8"
  resolved "https://registry.yarnpkg.com/combined-stream/-/combined-stream-1.0.8.tgz#c3d45a8b34fd730631a110a8a2520682b31d5a7f"
  integrity sha512-FQN4MRfuJeHf7cBbBMJFXhKSDq+2kAArBlmRBvcvFE5BB1HZKXtSFASDhdlz9zOYwxh8lDdnvmMOe/+5cdoEdg==
  dependencies:
    delayed-stream "~1.0.0"

core-js@^2.4.0:
  version "2.6.12"
  resolved "https://registry.yarnpkg.com/core-js/-/core-js-2.6.12.tgz#d9333dfa7b065e347cc5682219d6f690859cc2ec"
  integrity sha512-Kb2wC0fvsWfQrgk8HU5lW6U/Lcs8+9aaYcy4ZFc6DDlo4nZ7n70dEgE5rtR0oG6ufKDUnrwfWL1mXR5ljDatrQ==

dayjs@^1.11.2:
  version "1.11.2"
  resolved "https://registry.yarnpkg.com/dayjs/-/dayjs-1.11.2.tgz#fa0f5223ef0d6724b3d8327134890cfe3d72fbe5"
  integrity sha512-F4LXf1OeU9hrSYRPTTj/6FbO4HTjPKXvEIC1P2kcnFurViINCVk3ZV0xAS3XVx9MkMsXbbqlK6hjseaYbgKEHw==

deepmerge@^1.2.0:
  version "1.5.2"
  resolved "https://registry.yarnpkg.com/deepmerge/-/deepmerge-1.5.2.tgz#10499d868844cdad4fee0842df8c7f6f0c95a753"
  integrity sha512-95k0GDqvBjZavkuvzx/YqVLv/6YYa17fz6ILMSf7neqQITCPbnfEnQvEgMPNjH4kgobe7+WIL0yJEHku+H3qtQ==

delayed-stream@~1.0.0:
  version "1.0.0"
  resolved "https://registry.yarnpkg.com/delayed-stream/-/delayed-stream-1.0.0.tgz#df3ae199acadfb7d440aaae0b29e2272b24ec619"
  integrity sha512-ZySD7Nf91aLB0RxL4KGrKHBXl7Eds1DAmEdcoVawXnLD7SDhpNgtuII2aAkg7a7QS41jxPSZ17p4VdGnMHk3MQ==

element-ui@^2.15.9:
  version "2.15.9"
  resolved "https://registry.yarnpkg.com/element-ui/-/element-ui-2.15.9.tgz#b03548e007b7ab7496c49a282db92a0fffd7efc7"
  integrity sha512-dx45nQLt4Hn87/Z9eRr3ex6KFZbxlFAwEU3QoW3wA5EsYftvHTyL9Pq7VnXXD7hu1Eiaup2jcs6kp+/VSFmXuA==
  dependencies:
    async-validator "~1.8.1"
    babel-helper-vue-jsx-merge-props "^2.0.0"
    deepmerge "^1.2.0"
    normalize-wheel "^1.0.1"
    resize-observer-polyfill "^1.5.0"
    throttle-debounce "^1.0.1"

entities@~1.1.1:
  version "1.1.2"
  resolved "https://registry.yarnpkg.com/entities/-/entities-1.1.2.tgz#bdfa735299664dfafd34529ed4f8522a275fea56"
  integrity sha512-f2LZMYl1Fzu7YSBKg+RoROelpOaNrcGmE9AZubeDfrCEia483oW4MI4VyFd5VNHIgQ/7qm1I0wUHK1eJnn2y2w==

follow-redirects@^1.14.9:
  version "1.15.1"
  resolved "https://registry.yarnpkg.com/follow-redirects/-/follow-redirects-1.15.1.tgz#0ca6a452306c9b276e4d3127483e29575e207ad5"
  integrity sha512-yLAMQs+k0b2m7cVxpS1VKJVvoz7SS9Td1zss3XRwXj+ZDH00RJgnuLx7E44wx02kQLrdM3aOOy+FpzS7+8OizA==

form-data@^4.0.0:
  version "4.0.0"
  resolved "https://registry.yarnpkg.com/form-data/-/form-data-4.0.0.tgz#93919daeaf361ee529584b9b31664dc12c9fa452"
  integrity sha512-ETEklSGi5t0QMZuiXoA/Q6vcnxcLQP5vdugSpuAyi6SVGi2clPPp+xgEhuMaHC+zGgn31Kd235W35f7Hykkaww==
  dependencies:
    asynckit "^0.4.0"
    combined-stream "^1.0.8"
    mime-types "^2.1.12"

linkify-it@^2.0.0:
  version "2.2.0"
  resolved "https://registry.yarnpkg.com/linkify-it/-/linkify-it-2.2.0.tgz#e3b54697e78bf915c70a38acd78fd09e0058b1cf"
  integrity sha512-GnAl/knGn+i1U/wjBz3akz2stz+HrHLsxMwHQGofCDfPvlf+gDKN58UtfmUquTY4/MXeE2x7k19KQmeoZi94Iw==
  dependencies:
    uc.micro "^1.0.1"

markdown-it@^8.4.0:
  version "8.4.2"
  resolved "https://registry.yarnpkg.com/markdown-it/-/markdown-it-8.4.2.tgz#386f98998dc15a37722aa7722084f4020bdd9b54"
  integrity sha512-GcRz3AWTqSUphY3vsUqQSFMbgR38a4Lh3GWlHRh/7MRwz8mcu9n2IO7HOh+bXHrR9kOPDl5RNCaEsrneb+xhHQ==
  dependencies:
    argparse "^1.0.7"
    entities "~1.1.1"
    linkify-it "^2.0.0"
    mdurl "^1.0.1"
    uc.micro "^1.0.5"

mdurl@^1.0.1:
  version "1.0.1"
  resolved "https://registry.yarnpkg.com/mdurl/-/mdurl-1.0.1.tgz#fe85b2ec75a59037f2adfec100fd6c601761152e"
  integrity sha512-/sKlQJCBYVY9Ers9hqzKou4H6V5UWc/M59TH2dvkt+84itfnq7uFOMLpOiOS4ujvHP4etln18fmIxA5R5fll0g==

mime-db@1.52.0:
  version "1.52.0"
  resolved "https://registry.yarnpkg.com/mime-db/-/mime-db-1.52.0.tgz#bbabcdc02859f4987301c856e3387ce5ec43bf70"
  integrity sha512-sPU4uV7dYlvtWJxwwxHD0PuihVNiE7TyAbQ5SWxDCB9mUYvOgroQOwYQQOKPJ8CIbE+1ETVlOoK1UC2nU3gYvg==

mime-types@^2.1.12:
  version "2.1.35"
  resolved "https://registry.yarnpkg.com/mime-types/-/mime-types-2.1.35.tgz#381a871b62a734450660ae3deee44813f70d959a"
  integrity sha512-ZDY+bPm5zTTF+YpCrAU9nK0UgICYPT0QtT1NZWFv4s++TNkcgVaT0g6+4R2uI4MjQjzysHB1zxuWL50hzaeXiw==
  dependencies:
    mime-db "1.52.0"

normalize-wheel@^1.0.1:
  version "1.0.1"
  resolved "https://registry.yarnpkg.com/normalize-wheel/-/normalize-wheel-1.0.1.tgz#aec886affdb045070d856447df62ecf86146ec45"
  integrity sha512-1OnlAPZ3zgrk8B91HyRj+eVv+kS5u+Z0SCsak6Xil/kmgEia50ga7zfkumayonZrImffAxPU/5WcyGhzetHNPA==

regenerator-runtime@^0.11.0:
  version "0.11.1"
  resolved "https://registry.yarnpkg.com/regenerator-runtime/-/regenerator-runtime-0.11.1.tgz#be05ad7f9bf7d22e056f9726cee5017fbf19e2e9"
  integrity sha512-MguG95oij0fC3QV3URf4V2SDYGJhJnJGqvIIgdECeODCT98wSWDAJ94SSuVpYQUoTcGUIL6L4yNB7j1DFFHSBg==

resize-observer-polyfill@^1.5.0:
  version "1.5.1"
  resolved "https://registry.yarnpkg.com/resize-observer-polyfill/-/resize-observer-polyfill-1.5.1.tgz#0e9020dd3d21024458d4ebd27e23e40269810464"
  integrity sha512-LwZrotdHOo12nQuZlHEmtuXdqGoOD0OhaxopaNFxWzInpEgaLWoVuAMbTzixuosCx2nEG58ngzW3vxdWoxIgdg==

sprintf-js@~1.0.2:
  version "1.0.3"
  resolved "https://registry.yarnpkg.com/sprintf-js/-/sprintf-js-1.0.3.tgz#04e6926f662895354f3dd015203633b857297e2c"
  integrity sha1-BOaSb2YolTVPPdAVIDYzuFcpfiw=

throttle-debounce@^1.0.1:
  version "1.1.0"
  resolved "https://registry.yarnpkg.com/throttle-debounce/-/throttle-debounce-1.1.0.tgz#51853da37be68a155cb6e827b3514a3c422e89cd"
  integrity sha512-XH8UiPCQcWNuk2LYePibW/4qL97+ZQ1AN3FNXwZRBNPPowo/NRU5fAlDCSNBJIYCKbioZfuYtMhG4quqoJhVzg==

uc.micro@^1.0.1, uc.micro@^1.0.5:
  version "1.0.6"
  resolved "https://registry.yarnpkg.com/uc.micro/-/uc.micro-1.0.6.tgz#9c411a802a409a91fc6cf74081baba34b24499ac"
  integrity sha512-8Y75pvTYkLJW2hWQHXxoqRgV7qb9B+9vFEtidML+7koHUFapnVJAZ6cKs+Qjz5Aw3aZWHMC6u0wJE3At+nSGwA==

el@^3.5.0:
  version "3.5.0"
  resolved "https://registry.yarnpkg.com/el/-/eel3.5.0.tgz#ca26bac439d80f2a9a88956da85146ba846423c0"
  integrity sha512-9j8cKNp5i1aHf6S91dlwmuISah13+Kjao7ichLnWv7vCHR4qH9uLCNNaQoy4Vdqt/v4uKQro52OKt/otUXZx5w==
  dependencies:
    "@el/icons" "^1.8.0"
    "@el/popperjs" "^1.2.1"
    "@el/use" "^1.4.1"

vue-baidu-map@^0.21.22:
  version "0.21.22"
  resolved "https://registry.yarnpkg.com/vue-baidu-map/-/vue-baidu-map-0.21.22.tgz#6b76a91ef34f18a782d732ab0f541a1a3aa069e0"
  integrity sha512-WQMPCih4UTh0AZCKKH/OVOYnyAWjfRNeK6BIeoLmscyY5aF8zzlJhz/NOHLb3mdztIpB0Z6aohn4Jd9mfCSjQw==
  dependencies:
    bmaplib.curveline "^1.0.0"
    bmaplib.heatmap "^1.0.4"
    bmaplib.lushu "^1.0.7"
    bmaplib.markerclusterer "^1.0.13"
    markdown-it "^8.4.0"

vue-router@^3.5.2:
  version "3.5.2"
  resolved "https://registry.yarnpkg.com/vue-router/-/vue-router-3.5.2.tgz#5f55e3f251970e36c3e8d88a7cd2d67a350ade5c"
  integrity sha512-807gn82hTnjCYGrnF3eNmIw/dk7/GE4B5h69BlyCK9KHASwSloD1Sjcn06zg9fVG4fYH2DrsNBZkpLtb25WtaQ==

vuex@^4.0.2:
  version "4.0.2"
  resolved "https://registry.yarnpkg.com/vuex/-/vuex-4.0.2.tgz#f896dbd5bf2a0e963f00c67e9b610de749ccacc9"
  integrity sha512-M6r8uxELjZIK8kTKDGgZTYX/ahzblnzC4isU1tpmEuOIIKmV+TRdc+H4s8ds2NuZ7wpUTdGRzJRtoj+lI+pc0Q==
  dependencies:
    "@vue/devtools-api" "^6.0.0-beta.11"
